
Microsoft Visual Studio Solution File, Format Version 12.00
# Visual Studio Version 17
VisualStudioVersion = 17.1.32407.343
MinimumVisualStudioVersion = 10.0.40219.1
Project("{8BC9CEB8-8B4A-11D0-8D11-00A0C91BC942}") = "個人DirectX", "個人DirectX.vcxproj", "{91BAFED9-C74D-4DFC-BEF2-85427B9DD867}"
EndProject
Project("{8BC9CEB8-8B4A-11D0-8D11-00A0C91BC942}") = "DirectXTex", "C:\Users\tsuba\OneDrive\デスクトップ\新しいフォルダー (5)\DirectXTex-feb2022\DirectXTex\DirectXTex_Desktop_2022.vcxproj", "{371B9FA9-4C90-4AC6-A123-ACED756D6C77}"
EndProject
Global
	GlobalSection(SolutionConfigurationPlatforms) = preSolution
		Debug|ARM = Debug|ARM
		Debug|ARM64 = Debug|ARM64
		Debug|x64 = Debug|x64
		Debug|x86 = Debug|x86
		Release|ARM = Release|ARM
		Release|ARM64 = Release|ARM64
		Release|x64 = Release|x64
		Release|x86 = Release|x86
	EndGlobalSection
	GlobalSection(ProjectConfigurationPlatforms) = postSolution
		{91BAFED9-C74D-4DFC-BEF2-85427B9DD867}.Debug|ARM.ActiveCfg = Debug|x64
		{91BAFED9-C74D-4DFC-BEF2-85427B9DD867}.Debug|ARM.Build.0 = Debug|x64
		{91BAFED9-C74D-4DFC-BEF2-85427B9DD867}.Debug|ARM64.ActiveCfg = Debug|x64
		{91BAFED9-C74D-4DFC-BEF2-85427B9DD867}.Debug|ARM64.Build.0 = Debug|x64
		{91BAFED9-C74D-4DFC-BEF2-85427B9DD867}.Debug|x64.ActiveCfg = Debug|x64
		{91BAFED9-C74D-4DFC-BEF2-85427B9DD867}.Debug|x64.Build.0 = Debug|x64
		{91BAFED9-C74D-4DFC-BEF2-85427B9DD867}.Debug|x86.ActiveCfg = Debug|Win32
		{91BAFED9-C74D-4DFC-BEF2-85427B9DD867}.Debug|x86.Build.0 = Debug|Win32
		{91BAFED9-C74D-4DFC-BEF2-85427B9DD867}.Release|ARM.ActiveCfg = Release|x64
		{91BAFED9-C74D-4DFC-BEF2-85427B9DD867}.Release|ARM.Build.0 = Release|x64
		{91BAFED9-C74D-4DFC-BEF2-85427B9DD867}.Release|ARM64.ActiveCfg = Release|x64
		{91BAFED9-C74D-4DFC-BEF2-85427B9DD867}.Release|ARM64.Build.0 = Release|x64
		{91BAFED9-C74D-4DFC-BEF2-85427B9DD867}.Release|x64.ActiveCfg = Release|x64
		{91BAFED9-C74D-4DFC-BEF2-85427B9DD867}.Release|x64.Build.0 = Release|x64
		{91BAFED9-C74D-4DFC-BEF2-85427B9DD867}.Release|x86.ActiveCfg = Release|Win32
		{91BAFED9-C74D-4DFC-BEF2-85427B9DD867}.Release|x86.Build.0 = Release|Win32
		{371B9FA9-4C90-4AC6-A123-ACED756D6C77}.Debug|ARM.ActiveCfg = Debug|x64
		{371B9FA9-4C90-4AC6-A123-ACED756D6C77}.Debug|ARM.Build.0 = Debug|x64
		{371B9FA9-4C90-4AC6-A123-ACED756D6C77}.Debug|ARM64.ActiveCfg = Debug|x64
		{371B9FA9-4C90-4AC6-A123-ACED756D6C77}.Debug|ARM64.Build.0 = Debug|x64
		{371B9FA9-4C90-4AC6-A123-ACED756D6C77}.Debug|x64.ActiveCfg = Debug|x64
		{371B9FA9-4C90-4AC6-A123-ACED756D6C77}.Debug|x64.Build.0 = Debug|x64
		{371B9FA9-4C90-4AC6-A123-ACED756D6C77}.Debug|x86.ActiveCfg = Debug|Win32
		{371B9FA9-4C90-4AC6-A123-ACED756D6C77}.Debug|x86.Build.0 = Debug|Win32
		{371B9FA9-4C90-4AC6-A123-ACED756D6C77}.Release|ARM.ActiveCfg = Release|x64
		{371B9FA9-4C90-4AC6-A123-ACED756D6C77}.Release|ARM.Build.0 = Release|x64
		{371B9FA9-4C90-4AC6-A123-ACED756D6C77}.Release|ARM64.ActiveCfg = Release|x64
		{371B9FA9-4C90-4AC6-A123-ACED756D6C77}.Release|ARM64.Build.0 = Release|x64
		{371B9FA9-4C90-4AC6-A123-ACED756D6C77}.Release|x64.ActiveCfg = Release|x64
		{371B9FA9-4C90-4AC6-A123-ACED756D6C77}.Release|x64.Build.0 = Release|x64
		{371B9FA9-4C90-4AC6-A123-ACED756D6C77}.Release|x86.ActiveCfg = Release|Win32
		{371B9FA9-4C90-4AC6-A123-ACED756D6C77}.Release|x86.Build.0 = Release|Win32
	EndGlobalSection
	GlobalSection(SolutionProperties) = preSolution
		HideSolutionNode = FALSE
	EndGlobalSection
	GlobalSection(ExtensibilityGlobals) = postSolution
		SolutionGuid = {A04BB3DC-918C-4954-BDF3-DAD798AE22F3}
	EndGlobalSection
EndGlobal
